
Microsoft Visual Studio Solution File, Format Version 12.00
# Visual Studio Version 17
VisualStudioVersion = 17.11.35327.3
MinimumVisualStudioVersion = 10.0.40219.1
Project("{9A19103F-16F7-4668-BE54-9A1E7A4F7556}") = "SampleTypes", "SampleTypes\SampleTypes.csproj", "{8306B0FB-9038-4592-88F6-70C0E4B2E18D}"
EndProject
Project("{9A19103F-16F7-4668-BE54-9A1E7A4F7556}") = "MyTypeTests_MSTest", "MyTypeTests_MSTest\MyTypeTests_MSTest.csproj", "{6322B7D8-2C13-4E74-B13A-BE69ED80553B}"
EndProject
Project("{9A19103F-16F7-4668-BE54-9A1E7A4F7556}") = "MyTypeTests_NUnit", "MyTypeTests_NUnit\MyTypeTests_NUnit.csproj", "{BA44823F-8CAB-4F36-9D99-0CA7CECD3909}"
EndProject
Project("{9A19103F-16F7-4668-BE54-9A1E7A4F7556}") = "MyTypeTests_xUnit", "MyTypeTests_xUnit\MyTypeTests_xUnit.csproj", "{0DB9CEA8-8DFF-46AF-9B98-6D1E4F7C4AE2}"
EndProject
Project("{FAE04EC0-301F-11D3-BF4B-00C04F79EFBC}") = "TestMembers", "TestMembers\TestMembers.csproj", "{0371C0AB-FF5E-468E-846C-8A74DAEB4110}"
EndProject
Global
	GlobalSection(SolutionConfigurationPlatforms) = preSolution
		Debug|Any CPU = Debug|Any CPU
		Release|Any CPU = Release|Any CPU
	EndGlobalSection
	GlobalSection(ProjectConfigurationPlatforms) = postSolution
		{8306B0FB-9038-4592-88F6-70C0E4B2E18D}.Debug|Any CPU.ActiveCfg = Debug|Any CPU
		{8306B0FB-9038-4592-88F6-70C0E4B2E18D}.Debug|Any CPU.Build.0 = Debug|Any CPU
		{8306B0FB-9038-4592-88F6-70C0E4B2E18D}.Release|Any CPU.ActiveCfg = Release|Any CPU
		{8306B0FB-9038-4592-88F6-70C0E4B2E18D}.Release|Any CPU.Build.0 = Release|Any CPU
		{6322B7D8-2C13-4E74-B13A-BE69ED80553B}.Debug|Any CPU.ActiveCfg = Debug|Any CPU
		{6322B7D8-2C13-4E74-B13A-BE69ED80553B}.Debug|Any CPU.Build.0 = Debug|Any CPU
		{6322B7D8-2C13-4E74-B13A-BE69ED80553B}.Release|Any CPU.ActiveCfg = Release|Any CPU
		{6322B7D8-2C13-4E74-B13A-BE69ED80553B}.Release|Any CPU.Build.0 = Release|Any CPU
		{BA44823F-8CAB-4F36-9D99-0CA7CECD3909}.Debug|Any CPU.ActiveCfg = Debug|Any CPU
		{BA44823F-8CAB-4F36-9D99-0CA7CECD3909}.Debug|Any CPU.Build.0 = Debug|Any CPU
		{BA44823F-8CAB-4F36-9D99-0CA7CECD3909}.Release|Any CPU.ActiveCfg = Release|Any CPU
		{BA44823F-8CAB-4F36-9D99-0CA7CECD3909}.Release|Any CPU.Build.0 = Release|Any CPU
		{0DB9CEA8-8DFF-46AF-9B98-6D1E4F7C4AE2}.Debug|Any CPU.ActiveCfg = Debug|Any CPU
		{0DB9CEA8-8DFF-46AF-9B98-6D1E4F7C4AE2}.Debug|Any CPU.Build.0 = Debug|Any CPU
		{0DB9CEA8-8DFF-46AF-9B98-6D1E4F7C4AE2}.Release|Any CPU.ActiveCfg = Release|Any CPU
		{0DB9CEA8-8DFF-46AF-9B98-6D1E4F7C4AE2}.Release|Any CPU.Build.0 = Release|Any CPU
		{0371C0AB-FF5E-468E-846C-8A74DAEB4110}.Debug|Any CPU.ActiveCfg = Debug|Any CPU
		{0371C0AB-FF5E-468E-846C-8A74DAEB4110}.Debug|Any CPU.Build.0 = Debug|Any CPU
		{0371C0AB-FF5E-468E-846C-8A74DAEB4110}.Release|Any CPU.ActiveCfg = Release|Any CPU
		{0371C0AB-FF5E-468E-846C-8A74DAEB4110}.Release|Any CPU.Build.0 = Release|Any CPU
	EndGlobalSection
	GlobalSection(SolutionProperties) = preSolution
		HideSolutionNode = FALSE
	EndGlobalSection
	GlobalSection(ExtensibilityGlobals) = postSolution
		SolutionGuid = {A807C5C6-BD67-44A9-A15F-2795371CE16A}
	EndGlobalSection
EndGlobal
